
Microsoft Visual Studio Solution File, Format Version 12.00
# Visual Studio Version 17
VisualStudioVersion = 17.8.34322.80
MinimumVisualStudioVersion = 10.0.40219.1
Project("{8BC9CEB8-8B4A-11D0-8D11-00A0C91BC942}") = "WinFormsCpp", "WinFormsCpp\WinFormsCpp.vcxproj", "{B10B5A7A-427F-4444-BAB9-BC0C5663D737}"
EndProject
Global
	GlobalSection(SolutionConfigurationPlatforms) = preSolution
		Debug|x64 = Debug|x64
		Debug|x86 = Debug|x86
		Release|x64 = Release|x64
		Release|x86 = Release|x86
	EndGlobalSection
	GlobalSection(ProjectConfigurationPlatforms) = postSolution
		{B10B5A7A-427F-4444-BAB9-BC0C5663D737}.Debug|x64.ActiveCfg = Debug|x64
		{B10B5A7A-427F-4444-BAB9-BC0C5663D737}.Debug|x64.Build.0 = Debug|x64
		{B10B5A7A-427F-4444-BAB9-BC0C5663D737}.Debug|x86.ActiveCfg = Debug|Win32
		{B10B5A7A-427F-4444-BAB9-BC0C5663D737}.Debug|x86.Build.0 = Debug|Win32
		{B10B5A7A-427F-4444-BAB9-BC0C5663D737}.Release|x64.ActiveCfg = Release|x64
		{B10B5A7A-427F-4444-BAB9-BC0C5663D737}.Release|x64.Build.0 = Release|x64
		{B10B5A7A-427F-4444-BAB9-BC0C5663D737}.Release|x86.ActiveCfg = Release|Win32
		{B10B5A7A-427F-4444-BAB9-BC0C5663D737}.Release|x86.Build.0 = Release|Win32
	EndGlobalSection
	GlobalSection(SolutionProperties) = preSolution
		HideSolutionNode = FALSE
	EndGlobalSection
	GlobalSection(ExtensibilityGlobals) = postSolution
		SolutionGuid = {44E65418-7247-4AEB-87B7-472D5E86D974}
	EndGlobalSection
EndGlobal
